
Microsoft Visual Studio Solution File, Format Version 12.00
# Visual Studio 15
VisualStudioVersion = 15.0.27703.2035
MinimumVisualStudioVersion = 10.0.40219.1
Project("{FAE04EC0-301F-11D3-BF4B-00C04F79EFBC}") = "RegularExpression", "RegularExpression\RegularExpression.csproj", "{AB5F9BCE-5A72-4EE6-A973-0F1BBC7C730C}"
EndProject
Global
	GlobalSection(SolutionConfigurationPlatforms) = preSolution
		Debug|Any CPU = Debug|Any CPU
		Release|Any CPU = Release|Any CPU
	EndGlobalSection
	GlobalSection(ProjectConfigurationPlatforms) = postSolution
		{AB5F9BCE-5A72-4EE6-A973-0F1BBC7C730C}.Debug|Any CPU.ActiveCfg = Debug|Any CPU
		{AB5F9BCE-5A72-4EE6-A973-0F1BBC7C730C}.Debug|Any CPU.Build.0 = Debug|Any CPU
		{AB5F9BCE-5A72-4EE6-A973-0F1BBC7C730C}.Release|Any CPU.ActiveCfg = Release|Any CPU
		{AB5F9BCE-5A72-4EE6-A973-0F1BBC7C730C}.Release|Any CPU.Build.0 = Release|Any CPU
	EndGlobalSection
	GlobalSection(SolutionProperties) = preSolution
		HideSolutionNode = FALSE
	EndGlobalSection
	GlobalSection(ExtensibilityGlobals) = postSolution
		SolutionGuid = {77FE4B21-F6FD-4454-9725-42ECBBB09E68}
	EndGlobalSection
EndGlobal
